<?xml version="1.0" encoding="utf-8"?>
<Project ToolsVersion="4.0" xmlns="http://schemas.microsoft.com/developer/msbuild/2003">
  <ItemGroup>
    <Filter Include="Source Files">
      <UniqueIdentifier>{4FC737F1-C7A5-4376-A066-2A32D752A2FF}</UniqueIdentifier>
      <Extensions>cpp;c;cc;cxx;c++;cppm;ixx;def;odl;idl;hpj;bat;asm;asmx</Extensions>
    </Filter>
    <Filter Include="Header Files">
      <UniqueIdentifier>{93995380-89BD-4b04-88EB-625FBE52EBFB}</UniqueIdentifier>
      <Extensions>h;hh;hpp;hxx;h++;hm;inl;inc;ipp;xsd</Extensions>
    </Filter>
    <Filter Include="Resource Files">
      <UniqueIdentifier>{67DA6AB6-F800-4c08-8B7A-83BB121AAD01}</UniqueIdentifier>
      <Extensions>rc;ico;cur;bmp;dlg;rc2;rct;bin;rgs;gif;jpg;jpeg;jpe;resx;tiff;tif;png;wav;mfcribbon-ms</Extensions>
    </Filter>
  </ItemGroup>
  <ItemGroup>
    <ClCompile Include="client\main.cpp">
      <Filter>Source Files</Filter>
    </ClCompile>
    <ClCompile Include="client\vendor\oxorany\oxorany.cpp">
      <Filter>Source Files</Filter>
    </ClCompile>
    <ClCompile Include="client\utils\driver\driver.cpp">
      <Filter>Source Files</Filter>
    </ClCompile>
    <ClCompile Include="client\features\combat\aimbot\aimbot.cpp">
      <Filter>Source Files</Filter>
    </ClCompile>
    <ClCompile Include="client\features\overlay\overlay.cpp">
      <Filter>Source Files</Filter>
    </ClCompile>
    <ClCompile Include="client\features\menu\menu.cpp">
      <Filter>Source Files</Filter>
    </ClCompile>
    <ClCompile Include="client\features\visuals\interface\interface.cpp">
      <Filter>Source Files</Filter>
    </ClCompile>
    <ClCompile Include="client\globals\globals.cpp">
      <Filter>Source Files</Filter>
    </ClCompile>
    <ClCompile Include="client\features\misc\walkspeed\walkspeed.cpp">
      <Filter>Source Files</Filter>
    </ClCompile>
    <ClCompile Include="client\features\visuals\fovchanger\fovchanger.cpp">
      <Filter>Source Files</Filter>
    </ClCompile>
    <ClCompile Include="client\features\misc\jumpheight\jumpheight.cpp">
      <Filter>Source Files</Filter>
    </ClCompile>
    <ClCompile Include="client\game\gameloop.cpp">
      <Filter>Source Files</Filter>
    </ClCompile>
    <ClCompile Include="client\utils\vector.h">
      <Filter>Source Files</Filter>
    </ClCompile>
    <ClCompile Include="client\utils\quaternion.h">
      <Filter>Source Files</Filter>
    </ClCompile>
    <ClCompile Include="client\features\visuals\esp\esp.cpp">
      <Filter>Source Files</Filter>
    </ClCompile>
    <ClCompile Include="client\vendor\imgui\imgui.cpp">
      <Filter>Source Files</Filter>
    </ClCompile>
    <ClCompile Include="client\vendor\imgui\imgui_draw.cpp">
      <Filter>Source Files</Filter>
    </ClCompile>
    <ClCompile Include="client\vendor\imgui\imgui_impl_win32.cpp">
      <Filter>Source Files</Filter>
    </ClCompile>
    <ClCompile Include="client\vendor\imgui\imgui_widgets.cpp">
      <Filter>Source Files</Filter>
    </ClCompile>
    <ClCompile Include="client\vendor\imgui\imgui_freetype.cpp">
      <Filter>Source Files</Filter>
    </ClCompile>
    <ClCompile Include="client\vendor\imgui\imgui_tables.cpp">
      <Filter>Source Files</Filter>
    </ClCompile>
    <ClCompile Include="client\vendor\imgui\imgui_impl_dx11.cpp">
      <Filter>Source Files</Filter>
    </ClCompile>
    <ClCompile Include="client\features\overlay\fonts\fonts.cpp">
      <Filter>Source Files</Filter>
    </ClCompile>
    <ClCompile Include="client\utils\game.h">
      <Filter>Source Files</Filter>
    </ClCompile>
    <ClCompile Include="client\sdk\utils\brick_color.cpp">
      <Filter>Source Files</Filter>
    </ClCompile>
    <ClCompile Include="client\game\vischeck\vischeck.cpp">
      <Filter>Source Files</Filter>
    </ClCompile>
    <ClCompile Include="client\features\world\lighting\lighting.cpp">
      <Filter>Source Files</Filter>
    </ClCompile>
    <ClCompile Include="client\features\world\ambient\ambient.cpp">
      <Filter>Source Files</Filter>
    </ClCompile>
    <ClCompile Include="client\features\misc\gravity\gravity.cpp">
      <Filter>Source Files</Filter>
    </ClCompile>
    <ClCompile Include="client\features\misc\flight\flight.cpp">
      <Filter>Source Files</Filter>
    </ClCompile>
    <ClCompile Include="client\features\misc\desync\desync.cpp">
      <Filter>Source Files</Filter>
    </ClCompile>
    <ClCompile Include="client\features\misc\antistomp\antistomp.cpp">
      <Filter>Source Files</Filter>
    </ClCompile>
    <ClCompile Include="client\framework\elements\button.cpp">
      <Filter>Source Files</Filter>
    </ClCompile>
    <ClCompile Include="client\framework\elements\checkbox.cpp">
      <Filter>Source Files</Filter>
    </ClCompile>
    <ClCompile Include="client\framework\elements\child.cpp">
      <Filter>Source Files</Filter>
    </ClCompile>
    <ClCompile Include="client\framework\elements\coloredit.cpp">
      <Filter>Source Files</Filter>
    </ClCompile>
    <ClCompile Include="client\framework\elements\draw.cpp">
      <Filter>Source Files</Filter>
    </ClCompile>
    <ClCompile Include="client\framework\elements\dropdown.cpp">
      <Filter>Source Files</Filter>
    </ClCompile>
    <ClCompile Include="client\framework\elements\helpers.cpp">
      <Filter>Source Files</Filter>
    </ClCompile>
    <ClCompile Include="client\framework\elements\keybind.cpp">
      <Filter>Source Files</Filter>
    </ClCompile>
    <ClCompile Include="client\framework\elements\section.cpp">
      <Filter>Source Files</Filter>
    </ClCompile>
    <ClCompile Include="client\framework\elements\slider.cpp">
      <Filter>Source Files</Filter>
    </ClCompile>
    <ClCompile Include="client\framework\elements\table.cpp">
      <Filter>Source Files</Filter>
    </ClCompile>
    <ClCompile Include="client\framework\elements\textfield.cpp">
      <Filter>Source Files</Filter>
    </ClCompile>
    <ClCompile Include="client\framework\elements\window.cpp">
      <Filter>Source Files</Filter>
    </ClCompile>
    <ClCompile Include="client\framework\gui.cpp">
      <Filter>Source Files</Filter>
    </ClCompile>
    <ClCompile Include="client\cache\player_cache\player_cache.cpp">
      <Filter>Source Files</Filter>
    </ClCompile>
    <ClCompile Include="client\features\visuals\offscreen\offscreen.cpp">
      <Filter>Source Files</Filter>
    </ClCompile>
    <ClCompile Include="client\features\misc\voidhide\voidhide.cpp">
      <Filter>Source Files</Filter>
    </ClCompile>
  </ItemGroup>
  <ItemGroup>
    <ClInclude Include="client\utils\offsets.h">
      <Filter>Header Files</Filter>
    </ClInclude>
    <ClInclude Include="client\vendor\oxorany\oxorany.h">
      <Filter>Header Files</Filter>
    </ClInclude>
    <ClInclude Include="client\vendor\oxorany\oxorany_include.h">
      <Filter>Header Files</Filter>
    </ClInclude>
    <ClInclude Include="client\vendor\nlohmann\detail\conversions\from_json.hpp">
      <Filter>Header Files</Filter>
    </ClInclude>
    <ClInclude Include="client\vendor\nlohmann\detail\conversions\to_chars.hpp">
      <Filter>Header Files</Filter>
    </ClInclude>
    <ClInclude Include="client\vendor\nlohmann\detail\conversions\to_json.hpp">
      <Filter>Header Files</Filter>
    </ClInclude>
    <ClInclude Include="client\vendor\nlohmann\detail\input\binary_reader.hpp">
      <Filter>Header Files</Filter>
    </ClInclude>
    <ClInclude Include="client\vendor\nlohmann\detail\input\input_adapters.hpp">
      <Filter>Header Files</Filter>
    </ClInclude>
    <ClInclude Include="client\vendor\nlohmann\detail\input\json_sax.hpp">
      <Filter>Header Files</Filter>
    </ClInclude>
    <ClInclude Include="client\vendor\nlohmann\detail\input\lexer.hpp">
      <Filter>Header Files</Filter>
    </ClInclude>
    <ClInclude Include="client\vendor\nlohmann\detail\input\parser.hpp">
      <Filter>Header Files</Filter>
    </ClInclude>
    <ClInclude Include="client\vendor\nlohmann\detail\input\position_t.hpp">
      <Filter>Header Files</Filter>
    </ClInclude>
    <ClInclude Include="client\vendor\nlohmann\detail\iterators\internal_iterator.hpp">
      <Filter>Header Files</Filter>
    </ClInclude>
    <ClInclude Include="client\vendor\nlohmann\detail\iterators\iter_impl.hpp">
      <Filter>Header Files</Filter>
    </ClInclude>
    <ClInclude Include="client\vendor\nlohmann\detail\iterators\iteration_proxy.hpp">
      <Filter>Header Files</Filter>
    </ClInclude>
    <ClInclude Include="client\vendor\nlohmann\detail\iterators\iterator_traits.hpp">
      <Filter>Header Files</Filter>
    </ClInclude>
    <ClInclude Include="client\vendor\nlohmann\detail\iterators\json_reverse_iterator.hpp">
      <Filter>Header Files</Filter>
    </ClInclude>
    <ClInclude Include="client\vendor\nlohmann\detail\iterators\primitive_iterator.hpp">
      <Filter>Header Files</Filter>
    </ClInclude>
    <ClInclude Include="client\vendor\nlohmann\detail\meta\call_std\begin.hpp">
      <Filter>Header Files</Filter>
    </ClInclude>
    <ClInclude Include="client\vendor\nlohmann\detail\meta\call_std\end.hpp">
      <Filter>Header Files</Filter>
    </ClInclude>
    <ClInclude Include="client\vendor\nlohmann\detail\meta\cpp_future.hpp">
      <Filter>Header Files</Filter>
    </ClInclude>
    <ClInclude Include="client\vendor\nlohmann\detail\meta\detected.hpp">
      <Filter>Header Files</Filter>
    </ClInclude>
    <ClInclude Include="client\vendor\nlohmann\detail\meta\identity_tag.hpp">
      <Filter>Header Files</Filter>
    </ClInclude>
    <ClInclude Include="client\vendor\nlohmann\detail\meta\is_sax.hpp">
      <Filter>Header Files</Filter>
    </ClInclude>
    <ClInclude Include="client\vendor\nlohmann\detail\meta\std_fs.hpp">
      <Filter>Header Files</Filter>
    </ClInclude>
    <ClInclude Include="client\vendor\nlohmann\detail\meta\type_traits.hpp">
      <Filter>Header Files</Filter>
    </ClInclude>
    <ClInclude Include="client\vendor\nlohmann\detail\meta\void_t.hpp">
      <Filter>Header Files</Filter>
    </ClInclude>
    <ClInclude Include="client\vendor\nlohmann\detail\output\binary_writer.hpp">
      <Filter>Header Files</Filter>
    </ClInclude>
    <ClInclude Include="client\vendor\nlohmann\detail\output\output_adapters.hpp">
      <Filter>Header Files</Filter>
    </ClInclude>
    <ClInclude Include="client\vendor\nlohmann\detail\output\serializer.hpp">
      <Filter>Header Files</Filter>
    </ClInclude>
    <ClInclude Include="client\vendor\nlohmann\detail\abi_macros.hpp">
      <Filter>Header Files</Filter>
    </ClInclude>
    <ClInclude Include="client\vendor\nlohmann\detail\exceptions.hpp">
      <Filter>Header Files</Filter>
    </ClInclude>
    <ClInclude Include="client\vendor\nlohmann\detail\hash.hpp">
      <Filter>Header Files</Filter>
    </ClInclude>
    <ClInclude Include="client\vendor\nlohmann\detail\json_custom_base_class.hpp">
      <Filter>Header Files</Filter>
    </ClInclude>
    <ClInclude Include="client\vendor\nlohmann\detail\json_pointer.hpp">
      <Filter>Header Files</Filter>
    </ClInclude>
    <ClInclude Include="client\vendor\nlohmann\detail\json_ref.hpp">
      <Filter>Header Files</Filter>
    </ClInclude>
    <ClInclude Include="client\vendor\nlohmann\detail\macro_scope.hpp">
      <Filter>Header Files</Filter>
    </ClInclude>
    <ClInclude Include="client\vendor\nlohmann\detail\macro_unscope.hpp">
      <Filter>Header Files</Filter>
    </ClInclude>
    <ClInclude Include="client\vendor\nlohmann\detail\string_concat.hpp">
      <Filter>Header Files</Filter>
    </ClInclude>
    <ClInclude Include="client\vendor\nlohmann\detail\string_escape.hpp">
      <Filter>Header Files</Filter>
    </ClInclude>
    <ClInclude Include="client\vendor\nlohmann\detail\string_utils.hpp">
      <Filter>Header Files</Filter>
    </ClInclude>
    <ClInclude Include="client\vendor\nlohmann\detail\value_t.hpp">
      <Filter>Header Files</Filter>
    </ClInclude>
    <ClInclude Include="client\vendor\nlohmann\thirdparty\hedley\hedley.hpp">
      <Filter>Header Files</Filter>
    </ClInclude>
    <ClInclude Include="client\vendor\nlohmann\thirdparty\hedley\hedley_undef.hpp">
      <Filter>Header Files</Filter>
    </ClInclude>
    <ClInclude Include="client\vendor\nlohmann\adl_serializer.hpp">
      <Filter>Header Files</Filter>
    </ClInclude>
    <ClInclude Include="client\vendor\nlohmann\byte_container_with_subtype.hpp">
      <Filter>Header Files</Filter>
    </ClInclude>
    <ClInclude Include="client\vendor\nlohmann\json.hpp">
      <Filter>Header Files</Filter>
    </ClInclude>
    <ClInclude Include="client\vendor\nlohmann\json_fwd.hpp">
      <Filter>Header Files</Filter>
    </ClInclude>
    <ClInclude Include="client\vendor\nlohmann\ordered_map.hpp">
      <Filter>Header Files</Filter>
    </ClInclude>
    <ClInclude Include="client\utils\driver\driver.h">
      <Filter>Header Files</Filter>
    </ClInclude>
    <ClInclude Include="client\main.h">
      <Filter>Header Files</Filter>
    </ClInclude>
    <ClInclude Include="client\utils\misc.h">
      <Filter>Header Files</Filter>
    </ClInclude>
    <ClInclude Include="client\features\feature.h">
      <Filter>Header Files</Filter>
    </ClInclude>
    <ClInclude Include="client\features\combat\aimbot\aimbot.h">
      <Filter>Header Files</Filter>
    </ClInclude>
    <ClInclude Include="client\utils\math.h">
      <Filter>Header Files</Filter>
    </ClInclude>
    <ClInclude Include="client\configuration\config.h">
      <Filter>Header Files</Filter>
    </ClInclude>
    <ClInclude Include="client\features\overlay\overlay.h">
      <Filter>Header Files</Filter>
    </ClInclude>
    <ClInclude Include="client\features\menu\menu.h">
      <Filter>Header Files</Filter>
    </ClInclude>
    <ClInclude Include="client\utils\color.h">
      <Filter>Header Files</Filter>
    </ClInclude>
    <ClInclude Include="client\globals\globals.h">
      <Filter>Header Files</Filter>
    </ClInclude>
    <ClInclude Include="client\features\visuals\interface\interface.h">
      <Filter>Header Files</Filter>
    </ClInclude>
    <ClInclude Include="client\whitelist\whitelist.h">
      <Filter>Header Files</Filter>
    </ClInclude>
    <ClInclude Include="client\sdk\roblox.h">
      <Filter>Header Files</Filter>
    </ClInclude>
    <ClInclude Include="client\features\misc\walkspeed\walkspeed.h">
      <Filter>Header Files</Filter>
    </ClInclude>
    <ClInclude Include="client\features\visuals\fovchanger\fovchanger.h">
      <Filter>Header Files</Filter>
    </ClInclude>
    <ClInclude Include="client\features\misc\jumpheight\jumpheight.h">
      <Filter>Header Files</Filter>
    </ClInclude>
    <ClInclude Include="client\game\gameloop.h">
      <Filter>Header Files</Filter>
    </ClInclude>
    <ClInclude Include="client\utils\matrix.h">
      <Filter>Header Files</Filter>
    </ClInclude>
    <ClInclude Include="client\features\visuals\esp\esp.h">
      <Filter>Header Files</Filter>
    </ClInclude>
    <ClInclude Include="client\vendor\imgui\imconfig.h">
      <Filter>Header Files</Filter>
    </ClInclude>
    <ClInclude Include="client\vendor\imgui\imgui.h">
      <Filter>Header Files</Filter>
    </ClInclude>
    <ClInclude Include="client\vendor\imgui\imgui_impl_win32.h">
      <Filter>Header Files</Filter>
    </ClInclude>
    <ClInclude Include="client\vendor\imgui\imgui_internal.h">
      <Filter>Header Files</Filter>
    </ClInclude>
    <ClInclude Include="client\vendor\imgui\imstb_rectpack.h">
      <Filter>Header Files</Filter>
    </ClInclude>
    <ClInclude Include="client\vendor\imgui\imstb_textedit.h">
      <Filter>Header Files</Filter>
    </ClInclude>
    <ClInclude Include="client\vendor\imgui\imstb_truetype.h">
      <Filter>Header Files</Filter>
    </ClInclude>
    <ClInclude Include="client\utils\render.h">
      <Filter>Header Files</Filter>
    </ClInclude>
    <ClInclude Include="client\vendor\imgui\imgui_freetype.h">
      <Filter>Header Files</Filter>
    </ClInclude>
    <ClInclude Include="client\vendor\imgui\imgui_impl_dx11.h">
      <Filter>Header Files</Filter>
    </ClInclude>
    <ClInclude Include="client\features\overlay\fonts\fonts.h">
      <Filter>Header Files</Filter>
    </ClInclude>
    <ClInclude Include="client\sdk\utils\brick_color.h">
      <Filter>Header Files</Filter>
    </ClInclude>
    <ClInclude Include="client\game\vischeck\vischeck.h">
      <Filter>Header Files</Filter>
    </ClInclude>
    <ClInclude Include="client\features\world\lighting\lighting.h">
      <Filter>Header Files</Filter>
    </ClInclude>
    <ClInclude Include="client\features\world\ambient\ambient.h">
      <Filter>Header Files</Filter>
    </ClInclude>
    <ClInclude Include="client\features\misc\gravity\gravity.h">
      <Filter>Header Files</Filter>
    </ClInclude>
    <ClInclude Include="client\features\misc\flight\flight.h">
      <Filter>Header Files</Filter>
    </ClInclude>
    <ClInclude Include="client\sdk\impl\camera.h">
      <Filter>Header Files</Filter>
    </ClInclude>
    <ClInclude Include="client\sdk\impl\player.h">
      <Filter>Header Files</Filter>
    </ClInclude>
    <ClInclude Include="client\features\misc\desync\desync.h">
      <Filter>Header Files</Filter>
    </ClInclude>
    <ClInclude Include="client\features\misc\antistomp\antistomp.h">
      <Filter>Header Files</Filter>
    </ClInclude>
    <ClInclude Include="client\framework\settings\colors.h">
      <Filter>Header Files</Filter>
    </ClInclude>
    <ClInclude Include="client\framework\settings\elements.h">
      <Filter>Header Files</Filter>
    </ClInclude>
    <ClInclude Include="client\framework\settings\functions.h">
      <Filter>Header Files</Filter>
    </ClInclude>
    <ClInclude Include="client\framework\settings\variables.h">
      <Filter>Header Files</Filter>
    </ClInclude>
    <ClInclude Include="client\features\visuals\offscreen\offscreen.h">
      <Filter>Header Files</Filter>
    </ClInclude>
    <ClInclude Include="client\features\misc\voidhide\voidhide.h">
      <Filter>Header Files</Filter>
    </ClInclude>
  </ItemGroup>
</Project>